<?xml version="1.0" encoding="utf-8"?>
<Project ToolsVersion="4.0" xmlns="http://schemas.microsoft.com/developer/msbuild/2003">
  <ItemGroup>
    <Filter Include="Source">
      <UniqueIdentifier>{4FC737F1-C7A5-4376-A066-2A32D752A2FF}</UniqueIdentifier>
      <Extensions>cpp;c;cc;cxx;def;odl;idl;hpj;bat;asm;asmx</Extensions>
    </Filter>
  </ItemGroup>
  <ItemGroup>
    <ClCompile Include="aaaapex.cpp">
      <Filter>Source</Filter>
    </ClCompile>
    <ClCompile Include="utils.cpp">
      <Filter>Source</Filter>
    </ClCompile>
    <ClCompile Include="console.cpp">
      <Filter>Source</Filter>
    </ClCompile>
    <ClCompile Include="driver.cpp">
      <Filter>Source</Filter>
    </ClCompile>
    <ClCompile Include="math.cpp">
      <Filter>Source</Filter>
    </ClCompile>
  </ItemGroup>
  <ItemGroup>
    <ClInclude Include="global.h">
      <Filter>Source</Filter>
    </ClInclude>
    <ClInclude Include="utils.h">
      <Filter>Source</Filter>
    </ClInclude>
    <ClInclude Include="console.h">
      <Filter>Source</Filter>
    </ClInclude>
    <ClInclude Include="driver.h">
      <Filter>Source</Filter>
    </ClInclude>
    <ClInclude Include="server_shared.h">
      <Filter>Source</Filter>
    </ClInclude>
    <ClInclude Include="offsets.h">
      <Filter>Source</Filter>
    </ClInclude>
    <ClInclude Include="vector.h">
      <Filter>Source</Filter>
    </ClInclude>
    <ClInclude Include="math.h">
      <Filter>Source</Filter>
    </ClInclude>
    <ClInclude Include="SinCos.h">
      <Filter>Source</Filter>
    </ClInclude>
    <ClInclude Include="lock.h">
      <Filter>Source</Filter>
    </ClInclude>
  </ItemGroup>
  <ItemGroup>
    <None Include="SinCos.asm">
      <Filter>Source</Filter>
    </None>
  </ItemGroup>
</Project>